
Microsoft Visual Studio Solution File, Format Version 12.00
# Visual Studio Version 17
VisualStudioVersion = 17.11.35222.181
MinimumVisualStudioVersion = 10.0.40219.1
Project("{FAE04EC0-301F-11D3-BF4B-00C04F79EFBC}") = "Task1", "Task1\Task1.csproj", "{D49BBCBB-A10A-4CCA-A1D1-D1D3C69B0F88}"
EndProject
Global
	GlobalSection(SolutionConfigurationPlatforms) = preSolution
		Debug|Any CPU = Debug|Any CPU
		Release|Any CPU = Release|Any CPU
	EndGlobalSection
	GlobalSection(ProjectConfigurationPlatforms) = postSolution
		{D49BBCBB-A10A-4CCA-A1D1-D1D3C69B0F88}.Debug|Any CPU.ActiveCfg = Debug|Any CPU
		{D49BBCBB-A10A-4CCA-A1D1-D1D3C69B0F88}.Debug|Any CPU.Build.0 = Debug|Any CPU
		{D49BBCBB-A10A-4CCA-A1D1-D1D3C69B0F88}.Release|Any CPU.ActiveCfg = Release|Any CPU
		{D49BBCBB-A10A-4CCA-A1D1-D1D3C69B0F88}.Release|Any CPU.Build.0 = Release|Any CPU
	EndGlobalSection
	GlobalSection(SolutionProperties) = preSolution
		HideSolutionNode = FALSE
	EndGlobalSection
	GlobalSection(ExtensibilityGlobals) = postSolution
		SolutionGuid = {3D4A4DE7-A0F4-4941-AF89-D601C2567F62}
	EndGlobalSection
EndGlobal
